
Microsoft Visual Studio Solution File, Format Version 12.00
# Visual Studio Version 17
VisualStudioVersion = 17.0.31903.59
MinimumVisualStudioVersion = 10.0.40219.1
Project("{9A19103F-16F7-4668-BE54-9A1E7A4F7556}") = "JobHandler", "..\src\JobHandler\JobHandler.csproj", "{67CE6060-426A-49FD-A51E-69DE190DB84C}"
EndProject
Project("{9A19103F-16F7-4668-BE54-9A1E7A4F7556}") = "JobHandler.RabbitMq", "..\src\JobHandler.RabbitMq\JobHandler.RabbitMq.csproj", "{F2E5EF7D-4CD2-47A0-8193-6E4AFB7F42F0}"
EndProject
Project("{FAE04EC0-301F-11D3-BF4B-00C04F79EFBC}") = "JobHandler.Test", "..\test\JobHandler.Test\JobHandler.Test.csproj", "{EB26F945-A1E9-4431-AA7E-A369CFB73217}"
EndProject
Global
	GlobalSection(SolutionConfigurationPlatforms) = preSolution
		Debug|Any CPU = Debug|Any CPU
		Release|Any CPU = Release|Any CPU
	EndGlobalSection
	GlobalSection(ProjectConfigurationPlatforms) = postSolution
		{67CE6060-426A-49FD-A51E-69DE190DB84C}.Debug|Any CPU.ActiveCfg = Debug|Any CPU
		{67CE6060-426A-49FD-A51E-69DE190DB84C}.Debug|Any CPU.Build.0 = Debug|Any CPU
		{67CE6060-426A-49FD-A51E-69DE190DB84C}.Release|Any CPU.ActiveCfg = Release|Any CPU
		{67CE6060-426A-49FD-A51E-69DE190DB84C}.Release|Any CPU.Build.0 = Release|Any CPU
		{F2E5EF7D-4CD2-47A0-8193-6E4AFB7F42F0}.Debug|Any CPU.ActiveCfg = Debug|Any CPU
		{F2E5EF7D-4CD2-47A0-8193-6E4AFB7F42F0}.Debug|Any CPU.Build.0 = Debug|Any CPU
		{F2E5EF7D-4CD2-47A0-8193-6E4AFB7F42F0}.Release|Any CPU.ActiveCfg = Release|Any CPU
		{F2E5EF7D-4CD2-47A0-8193-6E4AFB7F42F0}.Release|Any CPU.Build.0 = Release|Any CPU
		{EB26F945-A1E9-4431-AA7E-A369CFB73217}.Debug|Any CPU.ActiveCfg = Debug|Any CPU
		{EB26F945-A1E9-4431-AA7E-A369CFB73217}.Debug|Any CPU.Build.0 = Debug|Any CPU
		{EB26F945-A1E9-4431-AA7E-A369CFB73217}.Release|Any CPU.ActiveCfg = Release|Any CPU
		{EB26F945-A1E9-4431-AA7E-A369CFB73217}.Release|Any CPU.Build.0 = Release|Any CPU
	EndGlobalSection
	GlobalSection(SolutionProperties) = preSolution
		HideSolutionNode = FALSE
	EndGlobalSection
	GlobalSection(ExtensibilityGlobals) = postSolution
		SolutionGuid = {F1FFF2C3-86D5-43A9-8110-302E860580B0}
	EndGlobalSection
EndGlobal
